
Microsoft Visual Studio Solution File, Format Version 12.00
# Visual Studio Version 17
VisualStudioVersion = 17.7.34003.232
MinimumVisualStudioVersion = 10.0.40219.1
Project("{9A19103F-16F7-4668-BE54-9A1E7A4F7556}") = "Aws.Tools.Message", "Aws.Tools.Message\Aws.Tools.Message.csproj", "{CE9F1CB1-7402-4551-AF55-F782F83C646D}"
EndProject
Global
	GlobalSection(SolutionConfigurationPlatforms) = preSolution
		Debug|Any CPU = Debug|Any CPU
		Release|Any CPU = Release|Any CPU
	EndGlobalSection
	GlobalSection(ProjectConfigurationPlatforms) = postSolution
		{CE9F1CB1-7402-4551-AF55-F782F83C646D}.Debug|Any CPU.ActiveCfg = Debug|Any CPU
		{CE9F1CB1-7402-4551-AF55-F782F83C646D}.Debug|Any CPU.Build.0 = Debug|Any CPU
		{CE9F1CB1-7402-4551-AF55-F782F83C646D}.Release|Any CPU.ActiveCfg = Release|Any CPU
		{CE9F1CB1-7402-4551-AF55-F782F83C646D}.Release|Any CPU.Build.0 = Release|Any CPU
	EndGlobalSection
	GlobalSection(SolutionProperties) = preSolution
		HideSolutionNode = FALSE
	EndGlobalSection
	GlobalSection(ExtensibilityGlobals) = postSolution
		SolutionGuid = {BCB3051B-88F8-413E-B544-66C20B3B91E3}
	EndGlobalSection
EndGlobal
